// !$*UTF8*$!
{
	archiveVersion = 1;
	classes = {
	};
	objectVersion = 50;
	objects = {

/* Begin PBXBuildFile section */
		850461C8215C207000F8FFE0 /* sun.png in Resources */ = {isa = PBXBuildFile; fileRef = 850461C7215C207000F8FFE0 /* sun.png */; };
		8552B0842155875A0034C1BC /* AppDelegate.swift in Sources */ = {isa = PBXBuildFile; fileRef = 8552B0832155875A0034C1BC /* AppDelegate.swift */; };
		8552B0862155875A0034C1BC /* FirstViewController.swift in Sources */ = {isa = PBXBuildFile; fileRef = 8552B0852155875A0034C1BC /* FirstViewController.swift */; };
		8552B0882155875A0034C1BC /* SecondViewController.swift in Sources */ = {isa = PBXBuildFile; fileRef = 8552B0872155875A0034C1BC /* SecondViewController.swift */; };
		8552B08B2155875A0034C1BC /* Main.storyboard in Resources */ = {isa = PBXBuildFile; fileRef = 8552B0892155875A0034C1BC /* Main.storyboard */; };
		8552B08D2155875B0034C1BC /* Assets.xcassets in Resources */ = {isa = PBXBuildFile; fileRef = 8552B08C2155875B0034C1BC /* Assets.xcassets */; };
		8552B0902155875B0034C1BC /* LaunchScreen.storyboard in Resources */ = {isa = PBXBuildFile; fileRef = 8552B08E2155875B0034C1BC /* LaunchScreen.storyboard */; };
		8552B09821558E970034C1BC /* DetailController.swift in Sources */ = {isa = PBXBuildFile; fileRef = 8552B09721558E970034C1BC /* DetailController.swift */; };
		8552B09B215592700034C1BC /* MapKit.framework in Frameworks */ = {isa = PBXBuildFile; fileRef = 8552B09A215592700034C1BC /* MapKit.framework */; };
		8552F2A7215AE1E500733497 /* Place.swift in Sources */ = {isa = PBXBuildFile; fileRef = 8552F2A6215AE1E500733497 /* Place.swift */; };
		8552F2A9215AE1FE00733497 /* PlaceTourist.swift in Sources */ = {isa = PBXBuildFile; fileRef = 8552F2A8215AE1FE00733497 /* PlaceTourist.swift */; };
		8552F2AB215AE22D00733497 /* ManagerPlaces.swift in Sources */ = {isa = PBXBuildFile; fileRef = 8552F2AA215AE22D00733497 /* ManagerPlaces.swift */; };
/* End PBXBuildFile section */

/* Begin PBXFileReference section */
		850461C7215C207000F8FFE0 /* sun.png */ = {isa = PBXFileReference; lastKnownFileType = image.png; name = sun.png; path = ../../../../Downloads/TableViewSample/TableViewSample/sun.png; sourceTree = "<group>"; };
		8552B0802155875A0034C1BC /* MyPlaces.app */ = {isa = PBXFileReference; explicitFileType = wrapper.application; includeInIndex = 0; path = MyPlaces.app; sourceTree = BUILT_PRODUCTS_DIR; };
		8552B0832155875A0034C1BC /* AppDelegate.swift */ = {isa = PBXFileReference; lastKnownFileType = sourcecode.swift; path = AppDelegate.swift; sourceTree = "<group>"; };
		8552B0852155875A0034C1BC /* FirstViewController.swift */ = {isa = PBXFileReference; lastKnownFileType = sourcecode.swift; path = FirstViewController.swift; sourceTree = "<group>"; };
		8552B0872155875A0034C1BC /* SecondViewController.swift */ = {isa = PBXFileReference; lastKnownFileType = sourcecode.swift; path = SecondViewController.swift; sourceTree = "<group>"; };
		8552B08A2155875A0034C1BC /* Base */ = {isa = PBXFileReference; lastKnownFileType = file.storyboard; name = Base; path = Base.lproj/Main.storyboard; sourceTree = "<group>"; };
		8552B08C2155875B0034C1BC /* Assets.xcassets */ = {isa = PBXFileReference; lastKnownFileType = folder.assetcatalog; path = Assets.xcassets; sourceTree = "<group>"; };
		8552B08F2155875B0034C1BC /* Base */ = {isa = PBXFileReference; lastKnownFileType = file.storyboard; name = Base; path = Base.lproj/LaunchScreen.storyboard; sourceTree = "<group>"; };
		8552B0912155875B0034C1BC /* Info.plist */ = {isa = PBXFileReference; lastKnownFileType = text.plist.xml; path = Info.plist; sourceTree = "<group>"; };
		8552B09721558E970034C1BC /* DetailController.swift */ = {isa = PBXFileReference; lastKnownFileType = sourcecode.swift; path = DetailController.swift; sourceTree = "<group>"; };
		8552B09A215592700034C1BC /* MapKit.framework */ = {isa = PBXFileReference; lastKnownFileType = wrapper.framework; name = MapKit.framework; path = System/Library/Frameworks/MapKit.framework; sourceTree = SDKROOT; };
		8552F2A6215AE1E500733497 /* Place.swift */ = {isa = PBXFileReference; lastKnownFileType = sourcecode.swift; path = Place.swift; sourceTree = "<group>"; };
		8552F2A8215AE1FE00733497 /* PlaceTourist.swift */ = {isa = PBXFileReference; lastKnownFileType = sourcecode.swift; path = PlaceTourist.swift; sourceTree = "<group>"; };
		8552F2AA215AE22D00733497 /* ManagerPlaces.swift */ = {isa = PBXFileReference; lastKnownFileType = sourcecode.swift; path = ManagerPlaces.swift; sourceTree = "<group>"; };
/* End PBXFileReference section */

/* Begin PBXFrameworksBuildPhase section */
		8552B07D2155875A0034C1BC /* Frameworks */ = {
			isa = PBXFrameworksBuildPhase;
			buildActionMask = 2147483647;
			files = (
				8552B09B215592700034C1BC /* MapKit.framework in Frameworks */,
			);
			runOnlyForDeploymentPostprocessing = 0;
		};
/* End PBXFrameworksBuildPhase section */

/* Begin PBXGroup section */
		8552B0772155875A0034C1BC = {
			isa = PBXGroup;
			children = (
				8552B0822155875A0034C1BC /* MyPlaces */,
				8552B0812155875A0034C1BC /* Products */,
				8552B099215592700034C1BC /* Frameworks */,
			);
			sourceTree = "<group>";
		};
		8552B0812155875A0034C1BC /* Products */ = {
			isa = PBXGroup;
			children = (
				8552B0802155875A0034C1BC /* MyPlaces.app */,
			);
			name = Products;
			sourceTree = "<group>";
		};
		8552B0822155875A0034C1BC /* MyPlaces */ = {
			isa = PBXGroup;
			children = (
				850461C7215C207000F8FFE0 /* sun.png */,
				8552B0832155875A0034C1BC /* AppDelegate.swift */,
				8552B09721558E970034C1BC /* DetailController.swift */,
				8552B0852155875A0034C1BC /* FirstViewController.swift */,
				8552B0872155875A0034C1BC /* SecondViewController.swift */,
				8552B0892155875A0034C1BC /* Main.storyboard */,
				8552B08C2155875B0034C1BC /* Assets.xcassets */,
				8552B08E2155875B0034C1BC /* LaunchScreen.storyboard */,
				8552B0912155875B0034C1BC /* Info.plist */,
				8552F2A6215AE1E500733497 /* Place.swift */,
				8552F2A8215AE1FE00733497 /* PlaceTourist.swift */,
				8552F2AA215AE22D00733497 /* ManagerPlaces.swift */,
			);
			path = MyPlaces;
			sourceTree = "<group>";
		};
		8552B099215592700034C1BC /* Frameworks */ = {
			isa = PBXGroup;
			children = (
				8552B09A215592700034C1BC /* MapKit.framework */,
			);
			name = Frameworks;
			sourceTree = "<group>";
		};
/* End PBXGroup section */

/* Begin PBXNativeTarget section */
		8552B07F2155875A0034C1BC /* MyPlaces */ = {
			isa = PBXNativeTarget;
			buildConfigurationList = 8552B0942155875B0034C1BC /* Build configuration list for PBXNativeTarget "MyPlaces" */;
			buildPhases = (
				8552B07C2155875A0034C1BC /* Sources */,
				8552B07D2155875A0034C1BC /* Frameworks */,
				8552B07E2155875A0034C1BC /* Resources */,
			);
			buildRules = (
			);
			dependencies = (
			);
			name = MyPlaces;
			productName = MyPlaces;
			productReference = 8552B0802155875A0034C1BC /* MyPlaces.app */;
			productType = "com.apple.product-type.application";
		};
/* End PBXNativeTarget section */

/* Begin PBXProject section */
		8552B0782155875A0034C1BC /* Project object */ = {
			isa = PBXProject;
			attributes = {
				LastSwiftUpdateCheck = 0940;
				LastUpgradeCheck = 0940;
				ORGANIZATIONNAME = UOC;
				TargetAttributes = {
					8552B07F2155875A0034C1BC = {
						CreatedOnToolsVersion = 9.4.1;
						LastSwiftMigration = 1000;
						SystemCapabilities = {
							com.apple.Maps.iOS = {
								enabled = 1;
							};
						};
					};
				};
			};
			buildConfigurationList = 8552B07B2155875A0034C1BC /* Build configuration list for PBXProject "MyPlaces" */;
			compatibilityVersion = "Xcode 9.3";
			developmentRegion = en;
			hasScannedForEncodings = 0;
			knownRegions = (
				en,
				Base,
			);
			mainGroup = 8552B0772155875A0034C1BC;
			productRefGroup = 8552B0812155875A0034C1BC /* Products */;
			projectDirPath = "";
			projectRoot = "";
			targets = (
				8552B07F2155875A0034C1BC /* MyPlaces */,
			);
		};
/* End PBXProject section */

/* Begin PBXResourcesBuildPhase section */
		8552B07E2155875A0034C1BC /* Resources */ = {
			isa = PBXResourcesBuildPhase;
			buildActionMask = 2147483647;
			files = (
				850461C8215C207000F8FFE0 /* sun.png in Resources */,
				8552B0902155875B0034C1BC /* LaunchScreen.storyboard in Resources */,
				8552B08D2155875B0034C1BC /* Assets.xcassets in Resources */,
				8552B08B2155875A0034C1BC /* Main.storyboard in Resources */,
			);
			runOnlyForDeploymentPostprocessing = 0;
		};
/* End PBXResourcesBuildPhase section */

/* Begin PBXSourcesBuildPhase section */
		8552B07C2155875A0034C1BC /* Sources */ = {
			isa = PBXSourcesBuildPhase;
			buildActionMask = 2147483647;
			files = (
				8552F2A9215AE1FE00733497 /* PlaceTourist.swift in Sources */,
				8552B0882155875A0034C1BC /* SecondViewController.swift in Sources */,
				8552B0842155875A0034C1BC /* AppDelegate.swift in Sources */,
				8552B0862155875A0034C1BC /* FirstViewController.swift in Sources */,
				8552B09821558E970034C1BC /* DetailController.swift in Sources */,
				8552F2AB215AE22D00733497 /* ManagerPlaces.swift in Sources */,
				8552F2A7215AE1E500733497 /* Place.swift in Sources */,
			);
			runOnlyForDeploymentPostprocessing = 0;
		};
/* End PBXSourcesBuildPhase section */

/* Begin PBXVariantGroup section */
		8552B0892155875A0034C1BC /* Main.storyboard */ = {
			isa = PBXVariantGroup;
			children = (
				8552B08A2155875A0034C1BC /* Base */,
			);
			name = Main.storyboard;
			sourceTree = "<group>";
		};
		8552B08E2155875B0034C1BC /* LaunchScreen.storyboard */ = {
			isa = PBXVariantGroup;
			children = (
				8552B08F2155875B0034C1BC /* Base */,
			);
			name = LaunchScreen.storyboard;
			sourceTree = "<group>";
		};
/* End PBXVariantGroup section */

/* Begin XCBuildConfiguration section */
		8552B0922155875B0034C1BC /* Debug */ = {
			isa = XCBuildConfiguration;
			buildSettings = {
				ALWAYS_SEARCH_USER_PATHS = NO;
				CLANG_ANALYZER_NONNULL = YES;
				CLANG_ANALYZER_NUMBER_OBJECT_CONVERSION = YES_AGGRESSIVE;
				CLANG_CXX_LANGUAGE_STANDARD = "gnu++14";
				CLANG_CXX_LIBRARY = "libc++";
				CLANG_ENABLE_MODULES = YES;
				CLANG_ENABLE_OBJC_ARC = YES;
				CLANG_ENABLE_OBJC_WEAK = YES;
				CLANG_WARN_BLOCK_CAPTURE_AUTORELEASING = YES;
				CLANG_WARN_BOOL_CONVERSION = YES;
				CLANG_WARN_COMMA = YES;
				CLANG_WARN_CONSTANT_CONVERSION = YES;
				CLANG_WARN_DEPRECATED_OBJC_IMPLEMENTATIONS = YES;
				CLANG_WARN_DIRECT_OBJC_ISA_USAGE = YES_ERROR;
				CLANG_WARN_DOCUMENTATION_COMMENTS = YES;
				CLANG_WARN_EMPTY_BODY = YES;
				CLANG_WARN_ENUM_CONVERSION = YES;
				CLANG_WARN_INFINITE_RECURSION = YES;
				CLANG_WARN_INT_CONVERSION = YES;
				CLANG_WARN_NON_LITERAL_NULL_CONVERSION = YES;
				CLANG_WARN_OBJC_IMPLICIT_RETAIN_SELF = YES;
				CLANG_WARN_OBJC_LITERAL_CONVERSION = YES;
				CLANG_WARN_OBJC_ROOT_CLASS = YES_ERROR;
				CLANG_WARN_RANGE_LOOP_ANALYSIS = YES;
				CLANG_WARN_STRICT_PROTOTYPES = YES;
				CLANG_WARN_SUSPICIOUS_MOVE = YES;
				CLANG_WARN_UNGUARDED_AVAILABILITY = YES_AGGRESSIVE;
				CLANG_WARN_UNREACHABLE_CODE = YES;
				CLANG_WARN__DUPLICATE_METHOD_MATCH = YES;
				CODE_SIGN_IDENTITY = "iPhone Developer";
				COPY_PHASE_STRIP = NO;
				DEBUG_INFORMATION_FORMAT = dwarf;
				ENABLE_STRICT_OBJC_MSGSEND = YES;
				ENABLE_TESTABILITY = YES;
				GCC_C_LANGUAGE_STANDARD = gnu11;
				GCC_DYNAMIC_NO_PIC = NO;
				GCC_NO_COMMON_BLOCKS = YES;
				GCC_OPTIMIZATION_LEVEL = 0;
				GCC_PREPROCESSOR_DEFINITIONS = (
					"DEBUG=1",
					"$(inherited)",
				);
				GCC_WARN_64_TO_32_BIT_CONVERSION = YES;
				GCC_WARN_ABOUT_RETURN_TYPE = YES_ERROR;
				GCC_WARN_UNDECLARED_SELECTOR = YES;
				GCC_WARN_UNINITIALIZED_AUTOS = YES_AGGRESSIVE;
				GCC_WARN_UNUSED_FUNCTION = YES;
				GCC_WARN_UNUSED_VARIABLE = YES;
				IPHONEOS_DEPLOYMENT_TARGET = 11.4;
				MTL_ENABLE_DEBUG_INFO = YES;
				ONLY_ACTIVE_ARCH = YES;
				SDKROOT = iphoneos;
				SWIFT_ACTIVE_COMPILATION_CONDITIONS = DEBUG;
				SWIFT_OPTIMIZATION_LEVEL = "-Onone";
			};
			name = Debug;
		};
		8552B0932155875B0034C1BC /* Release */ = {
			isa = XCBuildConfiguration;
			buildSettings = {
				ALWAYS_SEARCH_USER_PATHS = NO;
				CLANG_ANALYZER_NONNULL = YES;
				CLANG_ANALYZER_NUMBER_OBJECT_CONVERSION = YES_AGGRESSIVE;
				CLANG_CXX_LANGUAGE_STANDARD = "gnu++14";
				CLANG_CXX_LIBRARY = "libc++";
				CLANG_ENABLE_MODULES = YES;
				CLANG_ENABLE_OBJC_ARC = YES;
				CLANG_ENABLE_OBJC_WEAK = YES;
				CLANG_WARN_BLOCK_CAPTURE_AUTORELEASING = YES;
				CLANG_WARN_BOOL_CONVERSION = YES;
				CLANG_WARN_COMMA = YES;
				CLANG_WARN_CONSTANT_CONVERSION = YES;
				CLANG_WARN_DEPRECATED_OBJC_IMPLEMENTATIONS = YES;
				CLANG_WARN_DIRECT_OBJC_ISA_USAGE = YES_ERROR;
				CLANG_WARN_DOCUMENTATION_COMMENTS = YES;
				CLANG_WARN_EMPTY_BODY = YES;
				CLANG_WARN_ENUM_CONVERSION = YES;
				CLANG_WARN_INFINITE_RECURSION = YES;
				CLANG_WARN_INT_CONVERSION = YES;
				CLANG_WARN_NON_LITERAL_NULL_CONVERSION = YES;
				CLANG_WARN_OBJC_IMPLICIT_RETAIN_SELF = YES;
				CLANG_WARN_OBJC_LITERAL_CONVERSION = YES;
				CLANG_WARN_OBJC_ROOT_CLASS = YES_ERROR;
				CLANG_WARN_RANGE_LOOP_ANALYSIS = YES;
				CLANG_WARN_STRICT_PROTOTYPES = YES;
				CLANG_WARN_SUSPICIOUS_MOVE = YES;
				CLANG_WARN_UNGUARDED_AVAILABILITY = YES_AGGRESSIVE;
				CLANG_WARN_UNREACHABLE_CODE = YES;
				CLANG_WARN__DUPLICATE_METHOD_MATCH = YES;
				CODE_SIGN_IDENTITY = "iPhone Developer";
				COPY_PHASE_STRIP = NO;
				DEBUG_INFORMATION_FORMAT = "dwarf-with-dsym";
				ENABLE_NS_ASSERTIONS = NO;
				ENABLE_STRICT_OBJC_MSGSEND = YES;
				GCC_C_LANGUAGE_STANDARD = gnu11;
				GCC_NO_COMMON_BLOCKS = YES;
				GCC_WARN_64_TO_32_BIT_CONVERSION = YES;
				GCC_WARN_ABOUT_RETURN_TYPE = YES_ERROR;
				GCC_WARN_UNDECLARED_SELECTOR = YES;
				GCC_WARN_UNINITIALIZED_AUTOS = YES_AGGRESSIVE;
				GCC_WARN_UNUSED_FUNCTION = YES;
				GCC_WARN_UNUSED_VARIABLE = YES;
				IPHONEOS_DEPLOYMENT_TARGET = 11.4;
				MTL_ENABLE_DEBUG_INFO = NO;
				SDKROOT = iphoneos;
				SWIFT_COMPILATION_MODE = wholemodule;
				SWIFT_OPTIMIZATION_LEVEL = "-O";
				VALIDATE_PRODUCT = YES;
			};
			name = Release;
		};
		8552B0952155875B0034C1BC /* Debug */ = {
			isa = XCBuildConfiguration;
			buildSettings = {
				ASSETCATALOG_COMPILER_APPICON_NAME = AppIcon;
				CODE_SIGN_STYLE = Automatic;
				INFOPLIST_FILE = MyPlaces/Info.plist;
				LD_RUNPATH_SEARCH_PATHS = (
					"$(inherited)",
					"@executable_path/Frameworks",
				);
				PRODUCT_BUNDLE_IDENTIFIER = uoc.com.MyPlaces;
				PRODUCT_NAME = "$(TARGET_NAME)";
				SWIFT_VERSION = 4.2;
				TARGETED_DEVICE_FAMILY = "1,2";
			};
			name = Debug;
		};
		8552B0962155875B0034C1BC /* Release */ = {
			isa = XCBuildConfiguration;
			buildSettings = {
				ASSETCATALOG_COMPILER_APPICON_NAME = AppIcon;
				CODE_SIGN_STYLE = Automatic;
				INFOPLIST_FILE = MyPlaces/Info.plist;
				LD_RUNPATH_SEARCH_PATHS = (
					"$(inherited)",
					"@executable_path/Frameworks",
				);
				PRODUCT_BUNDLE_IDENTIFIER = uoc.com.MyPlaces;
				PRODUCT_NAME = "$(TARGET_NAME)";
				SWIFT_VERSION = 4.2;
				TARGETED_DEVICE_FAMILY = "1,2";
			};
			name = Release;
		};
/* End XCBuildConfiguration section */

/* Begin XCConfigurationList section */
		8552B07B2155875A0034C1BC /* Build configuration list for PBXProject "MyPlaces" */ = {
			isa = XCConfigurationList;
			buildConfigurations = (
				8552B0922155875B0034C1BC /* Debug */,
				8552B0932155875B0034C1BC /* Release */,
			);
			defaultConfigurationIsVisible = 0;
			defaultConfigurationName = Release;
		};
		8552B0942155875B0034C1BC /* Build configuration list for PBXNativeTarget "MyPlaces" */ = {
			isa = XCConfigurationList;
			buildConfigurations = (
				8552B0952155875B0034C1BC /* Debug */,
				8552B0962155875B0034C1BC /* Release */,
			);
			defaultConfigurationIsVisible = 0;
			defaultConfigurationName = Release;
		};
/* End XCConfigurationList section */
	};
	rootObject = 8552B0782155875A0034C1BC /* Project object */;
}
